
Microsoft Visual Studio Solution File, Format Version 12.00
# Visual Studio Version 17
VisualStudioVersion = 17.4.33213.308
MinimumVisualStudioVersion = 10.0.40219.1
Project("{9A19103F-16F7-4668-BE54-9A1E7A4F7556}") = "ST10116374_PROG7311_POE", "ST10116374_PROG7311_POE\ST10116374_PROG7311_POE.csproj", "{69C5AC69-0FB6-4023-A1FE-C79C5B1DDE40}"
EndProject
Global
	GlobalSection(SolutionConfigurationPlatforms) = preSolution
		Debug|Any CPU = Debug|Any CPU
		Release|Any CPU = Release|Any CPU
	EndGlobalSection
	GlobalSection(ProjectConfigurationPlatforms) = postSolution
		{69C5AC69-0FB6-4023-A1FE-C79C5B1DDE40}.Debug|Any CPU.ActiveCfg = Debug|Any CPU
		{69C5AC69-0FB6-4023-A1FE-C79C5B1DDE40}.Debug|Any CPU.Build.0 = Debug|Any CPU
		{69C5AC69-0FB6-4023-A1FE-C79C5B1DDE40}.Release|Any CPU.ActiveCfg = Release|Any CPU
		{69C5AC69-0FB6-4023-A1FE-C79C5B1DDE40}.Release|Any CPU.Build.0 = Release|Any CPU
	EndGlobalSection
	GlobalSection(SolutionProperties) = preSolution
		HideSolutionNode = FALSE
	EndGlobalSection
	GlobalSection(ExtensibilityGlobals) = postSolution
		SolutionGuid = {B774F96E-5A26-4211-B222-40D5775E9465}
	EndGlobalSection
EndGlobal
